
Microsoft Visual Studio Solution File, Format Version 12.00
# Visual Studio Version 16
VisualStudioVersion = 16.0.30128.74
MinimumVisualStudioVersion = 10.0.40219.1
Project("{FAE04EC0-301F-11D3-BF4B-00C04F79EFBC}") = "JwtAuth", "JwtAuth\JwtAuth.csproj", "{071A13D1-58FF-4F41-81AF-9DAA284FDA1C}"
EndProject
Project("{FAE04EC0-301F-11D3-BF4B-00C04F79EFBC}") = "Common", "Common\Common.csproj", "{242E7CAC-10F2-4CE7-8295-D47CF5E7AE8F}"
EndProject
Global
	GlobalSection(SolutionConfigurationPlatforms) = preSolution
		Debug|Any CPU = Debug|Any CPU
		Release|Any CPU = Release|Any CPU
	EndGlobalSection
	GlobalSection(ProjectConfigurationPlatforms) = postSolution
		{071A13D1-58FF-4F41-81AF-9DAA284FDA1C}.Debug|Any CPU.ActiveCfg = Debug|Any CPU
		{071A13D1-58FF-4F41-81AF-9DAA284FDA1C}.Debug|Any CPU.Build.0 = Debug|Any CPU
		{071A13D1-58FF-4F41-81AF-9DAA284FDA1C}.Release|Any CPU.ActiveCfg = Release|Any CPU
		{071A13D1-58FF-4F41-81AF-9DAA284FDA1C}.Release|Any CPU.Build.0 = Release|Any CPU
		{242E7CAC-10F2-4CE7-8295-D47CF5E7AE8F}.Debug|Any CPU.ActiveCfg = Debug|Any CPU
		{242E7CAC-10F2-4CE7-8295-D47CF5E7AE8F}.Debug|Any CPU.Build.0 = Debug|Any CPU
		{242E7CAC-10F2-4CE7-8295-D47CF5E7AE8F}.Release|Any CPU.ActiveCfg = Release|Any CPU
		{242E7CAC-10F2-4CE7-8295-D47CF5E7AE8F}.Release|Any CPU.Build.0 = Release|Any CPU
	EndGlobalSection
	GlobalSection(SolutionProperties) = preSolution
		HideSolutionNode = FALSE
	EndGlobalSection
	GlobalSection(ExtensibilityGlobals) = postSolution
		SolutionGuid = {829DA1D5-84D6-4807-8B6A-74D7C283E646}
	EndGlobalSection
EndGlobal
